{
  "version": 1,
  "dependencies": {
    "net10.0-android36.0": {
      "Microsoft.NET.ILLink.Tasks": {
        "type": "Direct",
        "requested": "[10.0.9, )",
        "resolved": "10.0.9",
        "contentHash": "4Iw41e2h7I4t70SJcX2GCmbyKJIlA273Cfm9RJMM050/3VBejGAG1KcthP5Z2L6SQcbfbf6BhNWO26+ZG+GzMg=="
      },
      "Mono.ApiTools.MSBuildTasks": {
        "type": "Direct",
        "requested": "[0.4.0, )",
        "resolved": "0.4.0",
        "contentHash": "WhOl1JDjaecQY1fRmuZ92QRrry2m9GvlpWR/dNnTtHJqXE40bLEtLWzPZQV+TxVRucawRoy8qqDJvHCFmhNMrg=="
      },
      "Xamarin.AndroidX.Annotation.Experimental": {
        "type": "Direct",
        "requested": "[1.5.1.1, )",
        "resolved": "1.5.1.1",
        "contentHash": "WE6omaI8M+TFYQOXMEQV2OyvgLRn491VTIlB+4hJrFV4x+quQqE4Z9BHEhcFVW+KlaQK4d44vspj1zAvxVlgiA==",
        "dependencies": {
          "Xamarin.Kotlin.StdLib": "2.2.0.1"
        }
      },
      "Xamarin.AndroidX.Concurrent.Futures.Ktx": {
        "type": "Direct",
        "requested": "[1.3.0.1, )",
        "resolved": "1.3.0.1",
        "contentHash": "pcynHUJiZsjXCNx99vN2H9YQyZdh9JB1tbPMvM3UflL26DNwbE3uNzf77HoQLeiyF/etMD0cNRhMWDVGKEgAwA==",
        "dependencies": {
          "Xamarin.AndroidX.Concurrent.Futures": "[1.3.0.1, 1.3.1)",
          "Xamarin.Kotlin.StdLib": "2.2.0.1",
          "Xamarin.KotlinX.Coroutines.Core": "1.10.2.1"
        }
      },
      "Xamarin.AndroidX.Core": {
        "type": "Direct",
        "requested": "[1.16.0.3, )",
        "resolved": "1.16.0.3",
        "contentHash": "ufdTfnLRHYcyrZWQzayzdQr3N7DQg+aZVqSs8QFYPIw8fvd41aWp8wLMRvockbzBOQezUJ5Xm0uuOhTur51u+Q==",
        "dependencies": {
          "Xamarin.AndroidX.Annotation": "1.9.1.5",
          "Xamarin.AndroidX.Annotation.Experimental": "1.5.1.1",
          "Xamarin.AndroidX.Collection": "1.5.0.3",
          "Xamarin.AndroidX.Concurrent.Futures": "1.3.0.1",
          "Xamarin.AndroidX.Core.ViewTree": "1.0.0.3",
          "Xamarin.AndroidX.Interpolator": "1.0.0.34",
          "Xamarin.AndroidX.Lifecycle.Runtime": "2.9.2.1",
          "Xamarin.AndroidX.Tracing.Tracing": "1.3.0.1",
          "Xamarin.AndroidX.VersionedParcelable": "1.2.1.3",
          "Xamarin.JSpecify": "1.0.0.4",
          "Xamarin.Kotlin.StdLib": "2.2.0.1"
        }
      },
      "Xamarin.AndroidX.Lifecycle.LiveData": {
        "type": "Direct",
        "requested": "[2.9.2.1, )",
        "resolved": "2.9.2.1",
        "contentHash": "4++tRPKTWo4/6wY6cUsbxAbM23RD9+0Ictu9F7GJs0i4whGVgqIl+PTxrBq09cN43BFnrqhx6fySi9Ltdam+qg==",
        "dependencies": {
          "Xamarin.AndroidX.Arch.Core.Common": "2.2.0.18",
          "Xamarin.AndroidX.Arch.Core.Runtime": "2.2.0.18",
          "Xamarin.AndroidX.Lifecycle.LiveData.Core": "[2.9.2.1, 2.9.3)",
          "Xamarin.AndroidX.Lifecycle.LiveData.Core.Ktx": "[2.9.2.1, 2.9.3)",
          "Xamarin.JSpecify": "1.0.0.4",
          "Xamarin.Kotlin.StdLib": "2.2.0.1",
          "Xamarin.KotlinX.Coroutines.Core": "1.10.2.1"
        }
      },
      "Xamarin.AndroidX.Lifecycle.Service": {
        "type": "Direct",
        "requested": "[2.9.2.1, )",
        "resolved": "2.9.2.1",
        "contentHash": "wOXT2tLccRN7X1348Y4+W0QX1iaLjEDnzbjUZ/dUR77cZJnfCogrgTn4LU6zwls3V7lf09eJUzHxSvwxcOLnQw==",
        "dependencies": {
          "Xamarin.AndroidX.Lifecycle.Runtime": "[2.9.2.1, 2.9.3)",
          "Xamarin.Kotlin.StdLib": "2.2.0.1"
        }
      },
      "Xamarin.AndroidX.Room.Runtime": {
        "type": "Direct",
        "requested": "[2.7.2.1, )",
        "resolved": "2.7.2.1",
        "contentHash": "ExfdyHO+qXcYKSWwRfra1Y/fdrQ5Ztt147D86vDtP/3MC4zcodIAM7ISH+rQC4lDP+d3MkntmzxrvJxRZncFYQ==",
        "dependencies": {
          "Xamarin.AndroidX.Annotation": "1.9.1.5",
          "Xamarin.AndroidX.Collection": "1.5.0.3",
          "Xamarin.AndroidX.Room.Common": "[2.7.2.1, 2.7.3)",
          "Xamarin.AndroidX.Room.Runtime.Android": "2.7.2.1",
          "Xamarin.AndroidX.Sqlite": "2.5.2.1",
          "Xamarin.AndroidX.Sqlite.Framework": "2.5.2.1",
          "Xamarin.Kotlin.StdLib": "2.2.0.1",
          "Xamarin.KotlinX.AtomicFU": "0.29.0.1",
          "Xamarin.KotlinX.Coroutines.Core": "1.10.2.1"
        }
      },
      "Xamarin.AndroidX.Startup.StartupRuntime": {
        "type": "Direct",
        "requested": "[1.2.0.5, )",
        "resolved": "1.2.0.5",
        "contentHash": "A44F9zM0yqi2jg2AAsfwJqdc8W2MYKHnxKTewn5T9NxAvZg3h3aN7NCVjUWyqdmhzBamPWEyRrIN/1NY1U03/A==",
        "dependencies": {
          "Xamarin.AndroidX.Annotation": "1.9.1.5",
          "Xamarin.AndroidX.Tracing.Tracing": "1.3.0.1"
        }
      },
      "Xamarin.AndroidX.Tracing.Tracing.Ktx": {
        "type": "Direct",
        "requested": "[1.3.0.1, )",
        "resolved": "1.3.0.1",
        "contentHash": "KCatDCV43OnTqkLG/b2jc8ichEvHYH5n8Sj3C12hmAl1gcgkKSK12qtac3F+aO299NajwCbFTRRA2qKNnNYhkg==",
        "dependencies": {
          "Xamarin.AndroidX.Tracing.Tracing": "[1.3.0.1, 1.3.1)"
        }
      },
      "Xamarin.Google.Guava.ListenableFuture": {
        "type": "Direct",
        "requested": "[1.0.0.29, )",
        "resolved": "1.0.0.29",
        "contentHash": "5w1ErO9PmpGR3ii2qJkzV1ntOJGSrd7NyOdop3Sw+q/DQ6oCdyoOq3jbJ3Stg0ACOUItN7XO6EqAvNQ8jQaV0g=="
      },
      "Xamarin.JSpecify": {
        "type": "Direct",
        "requested": "[1.0.0.4, )",
        "resolved": "1.0.0.4",
        "contentHash": "/rjNkRuJWpyPcXs2ymK/jFvI5PVrTc/0ODpMKNPaQSOpBtiPgicHqjxrDlM0VAUdRr5+WB8PCpdSFqrWKtdcAg=="
      },
      "Xamarin.Kotlin.StdLib": {
        "type": "Direct",
        "requested": "[2.2.0.1, )",
        "resolved": "2.2.0.1",
        "contentHash": "jPxSvOvFabE8sTl+3v66s2q0RobE+KwJ9OkOqaxOFDesJJhNxo0qPa5DAoAiPRU00vbIQTu3op/cOpcK5ptRSQ==",
        "dependencies": {
          "Xamarin.Jetbrains.Annotations": "26.0.2.3"
        }
      },
      "Xamarin.KotlinX.Coroutines.Android": {
        "type": "Direct",
        "requested": "[1.10.2.1, )",
        "resolved": "1.10.2.1",
        "contentHash": "FsJqCEgV27IiiSg19xgcwmK0N89e3EL2uITws7b3D/HzoP/yyo9ddwWitxpI8PO0VTpRtrMxs4wUI7gy671wtQ==",
        "dependencies": {
          "Xamarin.Kotlin.StdLib": "2.2.0.1",
          "Xamarin.KotlinX.Coroutines.Core.Jvm": "1.10.2.1"
        }
      },
      "Xamarin.AndroidX.Annotation": {
        "type": "Transitive",
        "resolved": "1.9.1.5",
        "contentHash": "4o4oY21xGR03dmQalOQwcwHVxUoLzPTw/Dun6aco2svGK+JcQdfEQdU9z+yoaeO2K4IarQbU5OQzC6qEcj5yNw==",
        "dependencies": {
          "Xamarin.AndroidX.Annotation.Jvm": "1.9.1.5",
          "Xamarin.Kotlin.StdLib": "2.2.0.1"
        }
      },
      "Xamarin.AndroidX.Annotation.Jvm": {
        "type": "Transitive",
        "resolved": "1.9.1.5",
        "contentHash": "mMZwGncl5RHx9MxLJsu8Zp4ZW2mAMUQO60G36PP2Qqd0TuO144nCVANry6va7BqgwyysQaOmtHpKqE/Pdl8WBQ==",
        "dependencies": {
          "Xamarin.Kotlin.StdLib": "2.2.0.1"
        }
      },
      "Xamarin.AndroidX.Arch.Core.Common": {
        "type": "Transitive",
        "resolved": "2.2.0.18",
        "contentHash": "bxuNXCXcHBDiLCk0Rv7UQ5U0y6cowY7tniX0UkPN2LbiEMwbuSSwcEG99smnZnI17zYsaw/Z0yu3ili/+DD6Tg==",
        "dependencies": {
          "Xamarin.AndroidX.Annotation": "1.9.1.5"
        }
      },
      "Xamarin.AndroidX.Arch.Core.Runtime": {
        "type": "Transitive",
        "resolved": "2.2.0.18",
        "contentHash": "3hAR3rHrzRLRXn5+IgI/V7Pp98Xia37IESyNcPIKAQcaedOsHQNKcwyGAxjrbp3Z7L/v92uMuafBfje4Ucltvg==",
        "dependencies": {
          "Xamarin.AndroidX.Annotation": "1.9.1.5",
          "Xamarin.AndroidX.Arch.Core.Common": "[2.2.0.18, 2.2.1)"
        }
      },
      "Xamarin.AndroidX.Collection": {
        "type": "Transitive",
        "resolved": "1.5.0.3",
        "contentHash": "rL4Sa779VQ+0XyrV3YCoWrSddyOv+WDkIu3zGJyEsHk+SSl2C/nBwTqdBVJbYwhIu4iStLADpCiM1OBTFbPAVw==",
        "dependencies": {
          "Xamarin.AndroidX.Annotation": "1.9.1.5",
          "Xamarin.AndroidX.Collection.Jvm": "1.5.0.3",
          "Xamarin.Kotlin.StdLib": "2.2.0.1"
        }
      },
      "Xamarin.AndroidX.Collection.Jvm": {
        "type": "Transitive",
        "resolved": "1.5.0.3",
        "contentHash": "S0RXRf3zICS5spPuwHkgOsfLpLks2Jk6uMl3ONOxKoGS27pYLaUSAZpnUR4rNiM38EA4BpKJQKGiYU9otcHrtg==",
        "dependencies": {
          "Xamarin.AndroidX.Annotation.Jvm": "1.9.1.5",
          "Xamarin.Kotlin.StdLib": "2.2.0.1"
        }
      },
      "Xamarin.AndroidX.Concurrent.Futures": {
        "type": "Transitive",
        "resolved": "1.3.0.1",
        "contentHash": "xmav5pmoJoI66Djb1E1T3ME2lLylEf1PX4Xjqz4OaLVWK3wjPmtuKIaeDwmQ/yK0IgP7auj9RC7dap4YMoLu8g==",
        "dependencies": {
          "Xamarin.AndroidX.Annotation": "1.9.1.5",
          "Xamarin.Google.Guava.ListenableFuture": "1.0.0.29",
          "Xamarin.JSpecify": "1.0.0.4"
        }
      },
      "Xamarin.AndroidX.Core.ViewTree": {
        "type": "Transitive",
        "resolved": "1.0.0.3",
        "contentHash": "HHodPFu0R1xq6Emxdw5muLSBaFycL9Gxu+/M2mAaitKjFZgEguaMb4bgCNiRXk1AnoT26LEka833fjAT5PU/9w==",
        "dependencies": {
          "Xamarin.Kotlin.StdLib": "2.2.0.1"
        }
      },
      "Xamarin.AndroidX.Interpolator": {
        "type": "Transitive",
        "resolved": "1.0.0.34",
        "contentHash": "PRLkeu5BFY57wbC128lPMHpQZO4fxEV6PL0gxe7gosfluAqggSn1x2v47paq4hOpSa0VvaXdz5JwFjL9j+1ZMA==",
        "dependencies": {
          "Xamarin.AndroidX.Annotation": "1.9.1.5"
        }
      },
      "Xamarin.AndroidX.Lifecycle.Common": {
        "type": "Transitive",
        "resolved": "2.9.2.1",
        "contentHash": "5PCjbhIVEp3MIbhs72dM0wx4EuSpU5q418uqKRLKaLe5WfNbKmSI5h28ugqyXZlnVNmR3WNIm30Sjaa+rRCKIw==",
        "dependencies": {
          "Xamarin.AndroidX.Annotation": "1.9.1.5",
          "Xamarin.AndroidX.Lifecycle.Common.Jvm": "2.9.2.1",
          "Xamarin.Kotlin.StdLib": "2.2.0.1",
          "Xamarin.KotlinX.Coroutines.Core": "1.10.2.1"
        }
      },
      "Xamarin.AndroidX.Lifecycle.Common.Jvm": {
        "type": "Transitive",
        "resolved": "2.9.2.1",
        "contentHash": "z0/dW41mpX50ob+SzcWlI+kabR11dqrha6rlQXQvu3j+27hfNW00ZbukmE1Kw/zPBBdSAfwHILBRrdyPKDGzwA==",
        "dependencies": {
          "Xamarin.AndroidX.Annotation.Jvm": "1.9.1.5",
          "Xamarin.JSpecify": "1.0.0.4",
          "Xamarin.Kotlin.StdLib": "2.2.0.1",
          "Xamarin.KotlinX.Coroutines.Core": "1.10.2.1"
        }
      },
      "Xamarin.AndroidX.Lifecycle.LiveData.Core": {
        "type": "Transitive",
        "resolved": "2.9.2.1",
        "contentHash": "dnQv9+I/lPhf5LWBKa6jhS18zp5RGbjOinie2tlU+x/BWKiekmgy9gXcGizFUtPdUdLjsUtUZMHr2HwBhPtbvw==",
        "dependencies": {
          "Xamarin.AndroidX.Arch.Core.Common": "2.2.0.18",
          "Xamarin.AndroidX.Arch.Core.Runtime": "2.2.0.18",
          "Xamarin.AndroidX.Lifecycle.Common": "[2.9.2.1, 2.9.3)",
          "Xamarin.JSpecify": "1.0.0.4",
          "Xamarin.Kotlin.StdLib": "2.2.0.1"
        }
      },
      "Xamarin.AndroidX.Lifecycle.LiveData.Core.Ktx": {
        "type": "Transitive",
        "resolved": "2.9.2.1",
        "contentHash": "8BkUa80J7C48DVWKpcKjL+nWWyUKSYwh5R3J0iZZ6OX/PHGUf/qUQOnuIiTnMA+iTwNp03hUrOYPhyz8FM2R4A==",
        "dependencies": {
          "Xamarin.AndroidX.Lifecycle.LiveData.Core": "[2.9.2.1, 2.9.3)",
          "Xamarin.Kotlin.StdLib": "2.2.0.1"
        }
      },
      "Xamarin.AndroidX.Lifecycle.Runtime": {
        "type": "Transitive",
        "resolved": "2.9.2.1",
        "contentHash": "0Cefhnmf0tUHH0LVcE47DZ4LIh/ueEVhJ+yUIsZ7DdzvQTCaHzgs+48Iv4ptndbeP/13hL5G7aoBDb0/Sfkpxg==",
        "dependencies": {
          "Xamarin.AndroidX.Annotation": "1.9.1.5",
          "Xamarin.AndroidX.Arch.Core.Common": "2.2.0.18",
          "Xamarin.AndroidX.Lifecycle.Common": "[2.9.2.1, 2.9.3)",
          "Xamarin.AndroidX.Lifecycle.Runtime.Android": "2.9.2.1",
          "Xamarin.Kotlin.StdLib": "2.2.0.1"
        }
      },
      "Xamarin.AndroidX.Lifecycle.Runtime.Android": {
        "type": "Transitive",
        "resolved": "2.9.2.1",
        "contentHash": "vzv8KbjAg3Qm57RrdwRoXMyeqqGU67pjT8wrD62ceOiobYI5daOTyVVVcn1f08SIH2W8Q9iAbBPA9l9zcWUxqg==",
        "dependencies": {
          "Xamarin.AndroidX.Annotation.Jvm": "1.9.1.5",
          "Xamarin.AndroidX.Arch.Core.Common": "2.2.0.18",
          "Xamarin.AndroidX.Arch.Core.Runtime": "2.2.0.18",
          "Xamarin.AndroidX.Core.ViewTree": "1.0.0.3",
          "Xamarin.AndroidX.Lifecycle.Common": "[2.9.2.1, 2.9.3)",
          "Xamarin.AndroidX.ProfileInstaller.ProfileInstaller": "1.4.1.5",
          "Xamarin.JSpecify": "1.0.0.4",
          "Xamarin.Kotlin.StdLib": "2.2.0.1",
          "Xamarin.KotlinX.Coroutines.Android": "1.10.2.1"
        }
      },
      "Xamarin.AndroidX.ProfileInstaller.ProfileInstaller": {
        "type": "Transitive",
        "resolved": "1.4.1.5",
        "contentHash": "wRnVAoFzhllgoonYpoA7JVpBHtsQP81ChagkQ+LtG8JPcu/MLPETg/Yq8cO+bvNwNCvn/5+v4uyv3Pd8j9hT+A==",
        "dependencies": {
          "Xamarin.AndroidX.Annotation": "1.9.1.5",
          "Xamarin.AndroidX.Concurrent.Futures": "1.3.0.1",
          "Xamarin.AndroidX.Startup.StartupRuntime": "1.2.0.5",
          "Xamarin.Google.Guava.ListenableFuture": "1.0.0.29"
        }
      },
      "Xamarin.AndroidX.Room.Common": {
        "type": "Transitive",
        "resolved": "2.7.2.1",
        "contentHash": "2VnD9bskcWeGidG2cKZl7oyuRI5TmT86n4KwejWWG6UIe+gFFo1FmSopq0YRciDZZRj6lg5T9zq2A63zSajkAA==",
        "dependencies": {
          "Xamarin.AndroidX.Annotation": "1.9.1.5",
          "Xamarin.AndroidX.Room.Common.JVM": "2.7.2.1",
          "Xamarin.Kotlin.StdLib": "2.2.0.1"
        }
      },
      "Xamarin.AndroidX.Room.Common.JVM": {
        "type": "Transitive",
        "resolved": "2.7.2.1",
        "contentHash": "dL9Kkt7SJbZ1zAbJaOz6Slzyg7zCphrK9Uo1SxcA19PUAFSdZvhzSNCZRq3LmVHIhPAT9TglRZstzhPcrXaSFw==",
        "dependencies": {
          "Xamarin.AndroidX.Annotation.Jvm": "1.9.1.5",
          "Xamarin.Kotlin.StdLib": "2.2.0.1"
        }
      },
      "Xamarin.AndroidX.Room.Runtime.Android": {
        "type": "Transitive",
        "resolved": "2.7.2.1",
        "contentHash": "5HOZ1K2AqHOyd+Tlv1alfwvItcgXUc3i5tFrFjBFvcaKoVyTyNEX8jlz9MRHoYs1UzSxkyeHxetarxgeB+FFHg==",
        "dependencies": {
          "Xamarin.AndroidX.Annotation": "1.9.1.5",
          "Xamarin.AndroidX.Annotation.Experimental": "1.5.1.1",
          "Xamarin.AndroidX.Arch.Core.Runtime": "2.2.0.18",
          "Xamarin.AndroidX.Collection.Jvm": "1.5.0.3",
          "Xamarin.AndroidX.Room.Common": "[2.7.2.1, 2.7.3)",
          "Xamarin.AndroidX.Sqlite.Android": "2.5.2.1",
          "Xamarin.AndroidX.Sqlite.Framework.Android": "2.5.2.1",
          "Xamarin.JSpecify": "1.0.0.4",
          "Xamarin.Kotlin.StdLib": "2.2.0.1",
          "Xamarin.KotlinX.Coroutines.Android": "1.10.2.1",
          "Xamarin.KotlinX.Coroutines.Core.Jvm": "1.10.2.1"
        }
      },
      "Xamarin.AndroidX.Sqlite": {
        "type": "Transitive",
        "resolved": "2.5.2.1",
        "contentHash": "Vqd1SjlxcHR2U766bgf7z1Hcibc742b6A+2PnADOW1MNjjP6g3qU29rAssPTfoSXTwfPuKw/5NP/7jlUibXPmw==",
        "dependencies": {
          "Xamarin.AndroidX.Annotation": "1.9.1.5",
          "Xamarin.AndroidX.Sqlite.Android": "2.5.2.1",
          "Xamarin.Kotlin.StdLib": "2.2.0.1"
        }
      },
      "Xamarin.AndroidX.Sqlite.Android": {
        "type": "Transitive",
        "resolved": "2.5.2.1",
        "contentHash": "+PFbjRA2RtPQZXmlfX0DTYRzSmIhaSH3Eq60bcvMCEaKorhCTiM35DGQstzOk38CarrCJPozXTQ0B/iW8THIKA==",
        "dependencies": {
          "Xamarin.AndroidX.Annotation.Jvm": "1.9.1.5",
          "Xamarin.Kotlin.StdLib": "2.2.0.1"
        }
      },
      "Xamarin.AndroidX.Sqlite.Framework": {
        "type": "Transitive",
        "resolved": "2.5.2.1",
        "contentHash": "nIAXow5PBFIQsG/dNVNJBX/h5+4XA6il+U0LDj2StcRq1CtuL/K5q2sMPL9YezzEtAu+qmXgzqLcQ3mc6i/caA==",
        "dependencies": {
          "Xamarin.AndroidX.Annotation": "1.9.1.5",
          "Xamarin.AndroidX.Sqlite": "[2.5.2.1, 2.5.3)",
          "Xamarin.AndroidX.Sqlite.Framework.Android": "2.5.2.1",
          "Xamarin.Kotlin.StdLib": "2.2.0.1"
        }
      },
      "Xamarin.AndroidX.Sqlite.Framework.Android": {
        "type": "Transitive",
        "resolved": "2.5.2.1",
        "contentHash": "sycyEdxXbfZ+EHMshGGVybRWfKeRN+uF7PEXyka7zP5uSLTn6/zSBzVzKB6xoZ8oXDoFWP7yWGmzNrf76sl2SA==",
        "dependencies": {
          "Xamarin.AndroidX.Annotation.Jvm": "1.9.1.5",
          "Xamarin.AndroidX.Sqlite": "[2.5.2.1, 2.5.3)",
          "Xamarin.Kotlin.StdLib": "2.2.0.1"
        }
      },
      "Xamarin.AndroidX.Tracing.Tracing": {
        "type": "Transitive",
        "resolved": "1.3.0.1",
        "contentHash": "tgMXLYR6AFc/Hu32MNCPWrjsYnn1XMbse5+g8PNBzdmzmv+HoaJotSTYMI1qjAgZmYVxdPsmt5oU4Mu8q54iVw==",
        "dependencies": {
          "Xamarin.AndroidX.Tracing.Tracing.Android": "1.3.0.1",
          "Xamarin.Kotlin.StdLib": "2.2.0.1"
        }
      },
      "Xamarin.AndroidX.Tracing.Tracing.Android": {
        "type": "Transitive",
        "resolved": "1.3.0.1",
        "contentHash": "LkCq6ICPD9S8JBAqinPqx+gOeq/6kPcy7m/MUQlGZv0TjU8IL5qAX6mLKjq//fcAuuCX7FAHk3N8tCVsPmQ3Pw==",
        "dependencies": {
          "Xamarin.AndroidX.Annotation.Jvm": "1.9.1.5",
          "Xamarin.Kotlin.StdLib": "2.2.0.1"
        }
      },
      "Xamarin.AndroidX.VersionedParcelable": {
        "type": "Transitive",
        "resolved": "1.2.1.3",
        "contentHash": "UmcG3rQreb/ObIjObemxQ6Dw1xX3eDtpB9ICa+Dj05qYDKP3WK7dlfmYZGqvwu3TeoZQ1NSR6UjzePaXfvQwQA==",
        "dependencies": {
          "Xamarin.AndroidX.Annotation": "1.9.1.5",
          "Xamarin.AndroidX.Collection": "1.5.0.3",
          "Xamarin.JSpecify": "1.0.0.4"
        }
      },
      "Xamarin.Jetbrains.Annotations": {
        "type": "Transitive",
        "resolved": "26.0.2.3",
        "contentHash": "dSXWSYq/F7UAb2B3skXLkW7ZRK8lYkAyUWKXeL6Cn8EyubnDGrpLd0FN7akLFjsG7Li7WdSj4NdDTWbfOLnCOA=="
      },
      "Xamarin.KotlinX.AtomicFU": {
        "type": "Transitive",
        "resolved": "0.29.0.1",
        "contentHash": "8SBBWCCjy/XAQ2+9+JdXFVJYgLRaf8rWgbFzxw2ukLKd4vYG+O5hsRjhQvADA15eG1khbosZxGceMcVQkuN4nw==",
        "dependencies": {
          "Xamarin.KotlinX.AtomicFU.Jvm": "0.29.0.1"
        }
      },
      "Xamarin.KotlinX.AtomicFU.Jvm": {
        "type": "Transitive",
        "resolved": "0.29.0.1",
        "contentHash": "2QY1pwmbKwiLOO5YgVWgvfwSGb5EJFg5joBLWFmh//vVdZ2/P+TJIK6ft4E5afrVcXXygiW+oQEsag+KwWjFQQ==",
        "dependencies": {
          "Xamarin.Kotlin.StdLib": "2.2.0.1"
        }
      },
      "Xamarin.KotlinX.Coroutines.Core": {
        "type": "Transitive",
        "resolved": "1.10.2.1",
        "contentHash": "4l0lpiEtS4lksxeLchfbSYwWVz7EgjIVfZUNmjgw4LfoHoI+6xptF05qryvAVnOZsORXXZMD9uKrsL6J3J2fxA==",
        "dependencies": {
          "Xamarin.KotlinX.Coroutines.Core.Jvm": "1.10.2.1"
        }
      },
      "Xamarin.KotlinX.Coroutines.Core.Jvm": {
        "type": "Transitive",
        "resolved": "1.10.2.1",
        "contentHash": "fKzLo4b9d8g6LCDf5YaJjxouNZxG2a6B6l68z3ifrvTjduRhcK9esjtQBhvJ+pl6EYBwHNOQPOxeeqOFdlTQ2g==",
        "dependencies": {
          "Xamarin.Jetbrains.Annotations": "26.0.2.3",
          "Xamarin.Kotlin.StdLib": "2.2.0.1"
        }
      }
    }
  }
}